
Microsoft Visual Studio Solution File, Format Version 12.00
# Visual Studio Version 17
VisualStudioVersion = 17.14.36401.2 d17.14
MinimumVisualStudioVersion = 10.0.40219.1
Project("{FAE04EC0-301F-11D3-BF4B-00C04F79EFBC}") = "ADO.NET", "ADO.NET\ADO.NET.csproj", "{476F056C-2668-4C9F-AD01-5971818B9F6E}"
EndProject
Global
	GlobalSection(SolutionConfigurationPlatforms) = preSolution
		Debug|Any CPU = Debug|Any CPU
		Release|Any CPU = Release|Any CPU
	EndGlobalSection
	GlobalSection(ProjectConfigurationPlatforms) = postSolution
		{476F056C-2668-4C9F-AD01-5971818B9F6E}.Debug|Any CPU.ActiveCfg = Debug|Any CPU
		{476F056C-2668-4C9F-AD01-5971818B9F6E}.Debug|Any CPU.Build.0 = Debug|Any CPU
		{476F056C-2668-4C9F-AD01-5971818B9F6E}.Release|Any CPU.ActiveCfg = Release|Any CPU
		{476F056C-2668-4C9F-AD01-5971818B9F6E}.Release|Any CPU.Build.0 = Release|Any CPU
	EndGlobalSection
	GlobalSection(SolutionProperties) = preSolution
		HideSolutionNode = FALSE
	EndGlobalSection
	GlobalSection(ExtensibilityGlobals) = postSolution
		SolutionGuid = {989111A6-7F10-4E0F-AD1B-ABA574432FAB}
	EndGlobalSection
EndGlobal
